
Microsoft Visual Studio Solution File, Format Version 12.00
# Visual Studio 15
VisualStudioVersion = 15.0.26124.0
MinimumVisualStudioVersion = 15.0.26124.0
Project("{FAE04EC0-301F-11D3-BF4B-00C04F79EFBC}") = "profile.api", "profile.api\profile.api.csproj", "{4FC389B9-5B14-40C4-B264-2714089916E2}"
EndProject
Project("{FAE04EC0-301F-11D3-BF4B-00C04F79EFBC}") = "profile.data", "profile.data\profile.data.csproj", "{019238EE-BEC1-415F-8496-1E12EC9EDF84}"
EndProject
Project("{FAE04EC0-301F-11D3-BF4B-00C04F79EFBC}") = "profile.unit-tests", "profile.unit-tests\profile.unit-tests.csproj", "{D5EB8317-8EFD-42E0-B4B2-66CC91BA85E4}"
EndProject
Global
	GlobalSection(SolutionConfigurationPlatforms) = preSolution
		Debug|Any CPU = Debug|Any CPU
		Debug|x64 = Debug|x64
		Debug|x86 = Debug|x86
		Release|Any CPU = Release|Any CPU
		Release|x64 = Release|x64
		Release|x86 = Release|x86
	EndGlobalSection
	GlobalSection(SolutionProperties) = preSolution
		HideSolutionNode = FALSE
	EndGlobalSection
	GlobalSection(ProjectConfigurationPlatforms) = postSolution
		{4FC389B9-5B14-40C4-B264-2714089916E2}.Debug|Any CPU.ActiveCfg = Debug|Any CPU
		{4FC389B9-5B14-40C4-B264-2714089916E2}.Debug|Any CPU.Build.0 = Debug|Any CPU
		{4FC389B9-5B14-40C4-B264-2714089916E2}.Debug|x64.ActiveCfg = Debug|Any CPU
		{4FC389B9-5B14-40C4-B264-2714089916E2}.Debug|x64.Build.0 = Debug|Any CPU
		{4FC389B9-5B14-40C4-B264-2714089916E2}.Debug|x86.ActiveCfg = Debug|Any CPU
		{4FC389B9-5B14-40C4-B264-2714089916E2}.Debug|x86.Build.0 = Debug|Any CPU
		{4FC389B9-5B14-40C4-B264-2714089916E2}.Release|Any CPU.ActiveCfg = Release|Any CPU
		{4FC389B9-5B14-40C4-B264-2714089916E2}.Release|Any CPU.Build.0 = Release|Any CPU
		{4FC389B9-5B14-40C4-B264-2714089916E2}.Release|x64.ActiveCfg = Release|Any CPU
		{4FC389B9-5B14-40C4-B264-2714089916E2}.Release|x64.Build.0 = Release|Any CPU
		{4FC389B9-5B14-40C4-B264-2714089916E2}.Release|x86.ActiveCfg = Release|Any CPU
		{4FC389B9-5B14-40C4-B264-2714089916E2}.Release|x86.Build.0 = Release|Any CPU
		{019238EE-BEC1-415F-8496-1E12EC9EDF84}.Debug|Any CPU.ActiveCfg = Debug|Any CPU
		{019238EE-BEC1-415F-8496-1E12EC9EDF84}.Debug|Any CPU.Build.0 = Debug|Any CPU
		{019238EE-BEC1-415F-8496-1E12EC9EDF84}.Debug|x64.ActiveCfg = Debug|Any CPU
		{019238EE-BEC1-415F-8496-1E12EC9EDF84}.Debug|x64.Build.0 = Debug|Any CPU
		{019238EE-BEC1-415F-8496-1E12EC9EDF84}.Debug|x86.ActiveCfg = Debug|Any CPU
		{019238EE-BEC1-415F-8496-1E12EC9EDF84}.Debug|x86.Build.0 = Debug|Any CPU
		{019238EE-BEC1-415F-8496-1E12EC9EDF84}.Release|Any CPU.ActiveCfg = Release|Any CPU
		{019238EE-BEC1-415F-8496-1E12EC9EDF84}.Release|Any CPU.Build.0 = Release|Any CPU
		{019238EE-BEC1-415F-8496-1E12EC9EDF84}.Release|x64.ActiveCfg = Release|Any CPU
		{019238EE-BEC1-415F-8496-1E12EC9EDF84}.Release|x64.Build.0 = Release|Any CPU
		{019238EE-BEC1-415F-8496-1E12EC9EDF84}.Release|x86.ActiveCfg = Release|Any CPU
		{019238EE-BEC1-415F-8496-1E12EC9EDF84}.Release|x86.Build.0 = Release|Any CPU
		{D5EB8317-8EFD-42E0-B4B2-66CC91BA85E4}.Debug|Any CPU.ActiveCfg = Debug|Any CPU
		{D5EB8317-8EFD-42E0-B4B2-66CC91BA85E4}.Debug|Any CPU.Build.0 = Debug|Any CPU
		{D5EB8317-8EFD-42E0-B4B2-66CC91BA85E4}.Debug|x64.ActiveCfg = Debug|Any CPU
		{D5EB8317-8EFD-42E0-B4B2-66CC91BA85E4}.Debug|x64.Build.0 = Debug|Any CPU
		{D5EB8317-8EFD-42E0-B4B2-66CC91BA85E4}.Debug|x86.ActiveCfg = Debug|Any CPU
		{D5EB8317-8EFD-42E0-B4B2-66CC91BA85E4}.Debug|x86.Build.0 = Debug|Any CPU
		{D5EB8317-8EFD-42E0-B4B2-66CC91BA85E4}.Release|Any CPU.ActiveCfg = Release|Any CPU
		{D5EB8317-8EFD-42E0-B4B2-66CC91BA85E4}.Release|Any CPU.Build.0 = Release|Any CPU
		{D5EB8317-8EFD-42E0-B4B2-66CC91BA85E4}.Release|x64.ActiveCfg = Release|Any CPU
		{D5EB8317-8EFD-42E0-B4B2-66CC91BA85E4}.Release|x64.Build.0 = Release|Any CPU
		{D5EB8317-8EFD-42E0-B4B2-66CC91BA85E4}.Release|x86.ActiveCfg = Release|Any CPU
		{D5EB8317-8EFD-42E0-B4B2-66CC91BA85E4}.Release|x86.Build.0 = Release|Any CPU
	EndGlobalSection
EndGlobal
